
Microsoft Visual Studio Solution File, Format Version 12.00
# Visual Studio Version 17
VisualStudioVersion = 17.14.36603.0 d17.14
MinimumVisualStudioVersion = 10.0.40219.1
Project("{F184B08F-C81C-45F6-A57F-5ABD9991F28F}") = "CircuitCalculator", "CircuitCalculator\CircuitCalculator.vbproj", "{9165C4A2-2B45-423D-B7F8-48379DE5A824}"
EndProject
Global
	GlobalSection(SolutionConfigurationPlatforms) = preSolution
		Debug|Any CPU = Debug|Any CPU
		Release|Any CPU = Release|Any CPU
	EndGlobalSection
	GlobalSection(ProjectConfigurationPlatforms) = postSolution
		{9165C4A2-2B45-423D-B7F8-48379DE5A824}.Debug|Any CPU.ActiveCfg = Debug|Any CPU
		{9165C4A2-2B45-423D-B7F8-48379DE5A824}.Debug|Any CPU.Build.0 = Debug|Any CPU
		{9165C4A2-2B45-423D-B7F8-48379DE5A824}.Release|Any CPU.ActiveCfg = Release|Any CPU
		{9165C4A2-2B45-423D-B7F8-48379DE5A824}.Release|Any CPU.Build.0 = Release|Any CPU
	EndGlobalSection
	GlobalSection(SolutionProperties) = preSolution
		HideSolutionNode = FALSE
	EndGlobalSection
	GlobalSection(ExtensibilityGlobals) = postSolution
		SolutionGuid = {F0A8E766-CE6D-4463-AD91-AD8EFAAB500F}
	EndGlobalSection
EndGlobal
